<?xml version="1.0" encoding="utf-8"?>
<Project ToolsVersion="4.0" xmlns="http://schemas.microsoft.com/developer/msbuild/2003">
  <ItemGroup>
    <Filter Include="Resource Files">
      <UniqueIdentifier>{67DA6AB6-F800-4c08-8B7A-83BB121AAD01}</UniqueIdentifier>
      <Extensions>rc;ico;cur;bmp;dlg;rc2;rct;bin;rgs;gif;jpg;jpeg;jpe;resx;tiff;tif;png;wav;mfcribbon-ms</Extensions>
    </Filter>
    <Filter Include="gtest">
      <UniqueIdentifier>{0ed6e946-7097-4f36-b48a-850fc1d5eeea}</UniqueIdentifier>
    </Filter>
    <Filter Include="test_cases">
      <UniqueIdentifier>{4FC737F1-C7A5-4376-A066-2A32D752A2FF}</UniqueIdentifier>
      <Extensions>cpp;c;cc;cxx;def;odl;idl;hpj;bat;asm;asmx</Extensions>
    </Filter>
    <Filter Include="test_support">
      <UniqueIdentifier>{93995380-89BD-4b04-88EB-625FBE52EBFB}</UniqueIdentifier>
      <Extensions>
      </Extensions>
    </Filter>
  </ItemGroup>
  <ItemGroup>
    <ClCompile Include="..\..\..\..\navicore-workspace\gtest\src\gtest-all.cc">
      <Filter>gtest</Filter>
    </ClCompile>
    <ClCompile Include="..\test_support\stdafx_ry_core_test.cpp">
      <Filter>test_support</Filter>
    </ClCompile>
    <ClCompile Include="..\test_support\main.cpp">
      <Filter>test_support</Filter>
    </ClCompile>
    <ClCompile Include="..\test\compiler_unittest.cpp">
      <Filter>test_cases</Filter>
    </ClCompile>
  </ItemGroup>
  <ItemGroup>
    <ClInclude Include="..\test_support\stdafx_ry_core_test.h">
      <Filter>test_support</Filter>
    </ClInclude>
  </ItemGroup>
</Project>